// !$*UTF8*$!
{
	archiveVersion = 1;
	classes = {
	};
	objectVersion = 56;
	objects = {

/* Begin PBXBuildFile section */
		667C0A1428D4720F0091A2A2 /* AppDelegate.swift in Sources */ = {isa = PBXBuildFile; fileRef = 667C0A1328D4720F0091A2A2 /* AppDelegate.swift */; };
		667C0A1628D4720F0091A2A2 /* SceneDelegate.swift in Sources */ = {isa = PBXBuildFile; fileRef = 667C0A1528D4720F0091A2A2 /* SceneDelegate.swift */; };
		667C0A1828D4720F0091A2A2 /* ViewController.swift in Sources */ = {isa = PBXBuildFile; fileRef = 667C0A1728D4720F0091A2A2 /* ViewController.swift */; };
		667C0A1B28D4720F0091A2A2 /* Main.storyboard in Resources */ = {isa = PBXBuildFile; fileRef = 667C0A1928D4720F0091A2A2 /* Main.storyboard */; };
		667C0A1D28D472110091A2A2 /* Assets.xcassets in Resources */ = {isa = PBXBuildFile; fileRef = 667C0A1C28D472110091A2A2 /* Assets.xcassets */; };
		667C0A2028D472110091A2A2 /* LaunchScreen.storyboard in Resources */ = {isa = PBXBuildFile; fileRef = 667C0A1E28D472110091A2A2 /* LaunchScreen.storyboard */; };
		667C0A2A28D472E70091A2A2 /* MyPackage in Frameworks */ = {isa = PBXBuildFile; productRef = 667C0A2928D472E70091A2A2 /* MyPackage */; };
		667C0A2C28D472F80091A2A2 /* MyCell.swift in Sources */ = {isa = PBXBuildFile; fileRef = 667C0A2B28D472F80091A2A2 /* MyCell.swift */; };
/* End PBXBuildFile section */

/* Begin PBXFileReference section */
		667C0A1028D4720F0091A2A2 /* LinkingIssue.app */ = {isa = PBXFileReference; explicitFileType = wrapper.application; includeInIndex = 0; path = LinkingIssue.app; sourceTree = BUILT_PRODUCTS_DIR; };
		667C0A1328D4720F0091A2A2 /* AppDelegate.swift */ = {isa = PBXFileReference; lastKnownFileType = sourcecode.swift; path = AppDelegate.swift; sourceTree = "<group>"; };
		667C0A1528D4720F0091A2A2 /* SceneDelegate.swift */ = {isa = PBXFileReference; lastKnownFileType = sourcecode.swift; path = SceneDelegate.swift; sourceTree = "<group>"; };
		667C0A1728D4720F0091A2A2 /* ViewController.swift */ = {isa = PBXFileReference; lastKnownFileType = sourcecode.swift; path = ViewController.swift; sourceTree = "<group>"; };
		667C0A1A28D4720F0091A2A2 /* Base */ = {isa = PBXFileReference; lastKnownFileType = file.storyboard; name = Base; path = Base.lproj/Main.storyboard; sourceTree = "<group>"; };
		667C0A1C28D472110091A2A2 /* Assets.xcassets */ = {isa = PBXFileReference; lastKnownFileType = folder.assetcatalog; path = Assets.xcassets; sourceTree = "<group>"; };
		667C0A1F28D472110091A2A2 /* Base */ = {isa = PBXFileReference; lastKnownFileType = file.storyboard; name = Base; path = Base.lproj/LaunchScreen.storyboard; sourceTree = "<group>"; };
		667C0A2128D472110091A2A2 /* Info.plist */ = {isa = PBXFileReference; lastKnownFileType = text.plist.xml; path = Info.plist; sourceTree = "<group>"; };
		667C0A2728D472DC0091A2A2 /* MyPackage */ = {isa = PBXFileReference; lastKnownFileType = wrapper; path = MyPackage; sourceTree = "<group>"; };
		667C0A2B28D472F80091A2A2 /* MyCell.swift */ = {isa = PBXFileReference; lastKnownFileType = sourcecode.swift; path = MyCell.swift; sourceTree = "<group>"; };
/* End PBXFileReference section */

/* Begin PBXFrameworksBuildPhase section */
		667C0A0D28D4720F0091A2A2 /* Frameworks */ = {
			isa = PBXFrameworksBuildPhase;
			buildActionMask = 2147483647;
			files = (
				667C0A2A28D472E70091A2A2 /* MyPackage in Frameworks */,
			);
			runOnlyForDeploymentPostprocessing = 0;
		};
/* End PBXFrameworksBuildPhase section */

/* Begin PBXGroup section */
		667C0A0728D4720F0091A2A2 = {
			isa = PBXGroup;
			children = (
				667C0A2728D472DC0091A2A2 /* MyPackage */,
				667C0A1228D4720F0091A2A2 /* LinkingIssue */,
				667C0A1128D4720F0091A2A2 /* Products */,
				667C0A2828D472E70091A2A2 /* Frameworks */,
			);
			sourceTree = "<group>";
		};
		667C0A1128D4720F0091A2A2 /* Products */ = {
			isa = PBXGroup;
			children = (
				667C0A1028D4720F0091A2A2 /* LinkingIssue.app */,
			);
			name = Products;
			sourceTree = "<group>";
		};
		667C0A1228D4720F0091A2A2 /* LinkingIssue */ = {
			isa = PBXGroup;
			children = (
				667C0A1328D4720F0091A2A2 /* AppDelegate.swift */,
				667C0A1528D4720F0091A2A2 /* SceneDelegate.swift */,
				667C0A1728D4720F0091A2A2 /* ViewController.swift */,
				667C0A2B28D472F80091A2A2 /* MyCell.swift */,
				667C0A1928D4720F0091A2A2 /* Main.storyboard */,
				667C0A1C28D472110091A2A2 /* Assets.xcassets */,
				667C0A1E28D472110091A2A2 /* LaunchScreen.storyboard */,
				667C0A2128D472110091A2A2 /* Info.plist */,
			);
			path = LinkingIssue;
			sourceTree = "<group>";
		};
		667C0A2828D472E70091A2A2 /* Frameworks */ = {
			isa = PBXGroup;
			children = (
			);
			name = Frameworks;
			sourceTree = "<group>";
		};
/* End PBXGroup section */

/* Begin PBXNativeTarget section */
		667C0A0F28D4720F0091A2A2 /* LinkingIssue */ = {
			isa = PBXNativeTarget;
			buildConfigurationList = 667C0A2428D472110091A2A2 /* Build configuration list for PBXNativeTarget "LinkingIssue" */;
			buildPhases = (
				667C0A0C28D4720F0091A2A2 /* Sources */,
				667C0A0D28D4720F0091A2A2 /* Frameworks */,
				667C0A0E28D4720F0091A2A2 /* Resources */,
			);
			buildRules = (
			);
			dependencies = (
			);
			name = LinkingIssue;
			packageProductDependencies = (
				667C0A2928D472E70091A2A2 /* MyPackage */,
			);
			productName = LinkingIssue;
			productReference = 667C0A1028D4720F0091A2A2 /* LinkingIssue.app */;
			productType = "com.apple.product-type.application";
		};
/* End PBXNativeTarget section */

/* Begin PBXProject section */
		667C0A0828D4720F0091A2A2 /* Project object */ = {
			isa = PBXProject;
			attributes = {
				BuildIndependentTargetsInParallel = 1;
				LastSwiftUpdateCheck = 1400;
				LastUpgradeCheck = 1400;
				TargetAttributes = {
					667C0A0F28D4720F0091A2A2 = {
						CreatedOnToolsVersion = 14.0;
					};
				};
			};
			buildConfigurationList = 667C0A0B28D4720F0091A2A2 /* Build configuration list for PBXProject "LinkingIssue" */;
			compatibilityVersion = "Xcode 14.0";
			developmentRegion = en;
			hasScannedForEncodings = 0;
			knownRegions = (
				en,
				Base,
			);
			mainGroup = 667C0A0728D4720F0091A2A2;
			productRefGroup = 667C0A1128D4720F0091A2A2 /* Products */;
			projectDirPath = "";
			projectRoot = "";
			targets = (
				667C0A0F28D4720F0091A2A2 /* LinkingIssue */,
			);
		};
/* End PBXProject section */

/* Begin PBXResourcesBuildPhase section */
		667C0A0E28D4720F0091A2A2 /* Resources */ = {
			isa = PBXResourcesBuildPhase;
			buildActionMask = 2147483647;
			files = (
				667C0A2028D472110091A2A2 /* LaunchScreen.storyboard in Resources */,
				667C0A1D28D472110091A2A2 /* Assets.xcassets in Resources */,
				667C0A1B28D4720F0091A2A2 /* Main.storyboard in Resources */,
			);
			runOnlyForDeploymentPostprocessing = 0;
		};
/* End PBXResourcesBuildPhase section */

/* Begin PBXSourcesBuildPhase section */
		667C0A0C28D4720F0091A2A2 /* Sources */ = {
			isa = PBXSourcesBuildPhase;
			buildActionMask = 2147483647;
			files = (
				667C0A1828D4720F0091A2A2 /* ViewController.swift in Sources */,
				667C0A2C28D472F80091A2A2 /* MyCell.swift in Sources */,
				667C0A1428D4720F0091A2A2 /* AppDelegate.swift in Sources */,
				667C0A1628D4720F0091A2A2 /* SceneDelegate.swift in Sources */,
			);
			runOnlyForDeploymentPostprocessing = 0;
		};
/* End PBXSourcesBuildPhase section */

/* Begin PBXVariantGroup section */
		667C0A1928D4720F0091A2A2 /* Main.storyboard */ = {
			isa = PBXVariantGroup;
			children = (
				667C0A1A28D4720F0091A2A2 /* Base */,
			);
			name = Main.storyboard;
			sourceTree = "<group>";
		};
		667C0A1E28D472110091A2A2 /* LaunchScreen.storyboard */ = {
			isa = PBXVariantGroup;
			children = (
				667C0A1F28D472110091A2A2 /* Base */,
			);
			name = LaunchScreen.storyboard;
			sourceTree = "<group>";
		};
/* End PBXVariantGroup section */

/* Begin XCBuildConfiguration section */
		667C0A2228D472110091A2A2 /* Debug */ = {
			isa = XCBuildConfiguration;
			buildSettings = {
				ALWAYS_SEARCH_USER_PATHS = NO;
				CLANG_ANALYZER_NONNULL = YES;
				CLANG_ANALYZER_NUMBER_OBJECT_CONVERSION = YES_AGGRESSIVE;
				CLANG_CXX_LANGUAGE_STANDARD = "gnu++20";
				CLANG_ENABLE_MODULES = YES;
				CLANG_ENABLE_OBJC_ARC = YES;
				CLANG_ENABLE_OBJC_WEAK = YES;
				CLANG_WARN_BLOCK_CAPTURE_AUTORELEASING = YES;
				CLANG_WARN_BOOL_CONVERSION = YES;
				CLANG_WARN_COMMA = YES;
				CLANG_WARN_CONSTANT_CONVERSION = YES;
				CLANG_WARN_DEPRECATED_OBJC_IMPLEMENTATIONS = YES;
				CLANG_WARN_DIRECT_OBJC_ISA_USAGE = YES_ERROR;
				CLANG_WARN_DOCUMENTATION_COMMENTS = YES;
				CLANG_WARN_EMPTY_BODY = YES;
				CLANG_WARN_ENUM_CONVERSION = YES;
				CLANG_WARN_INFINITE_RECURSION = YES;
				CLANG_WARN_INT_CONVERSION = YES;
				CLANG_WARN_NON_LITERAL_NULL_CONVERSION = YES;
				CLANG_WARN_OBJC_IMPLICIT_RETAIN_SELF = YES;
				CLANG_WARN_OBJC_LITERAL_CONVERSION = YES;
				CLANG_WARN_OBJC_ROOT_CLASS = YES_ERROR;
				CLANG_WARN_QUOTED_INCLUDE_IN_FRAMEWORK_HEADER = YES;
				CLANG_WARN_RANGE_LOOP_ANALYSIS = YES;
				CLANG_WARN_STRICT_PROTOTYPES = YES;
				CLANG_WARN_SUSPICIOUS_MOVE = YES;
				CLANG_WARN_UNGUARDED_AVAILABILITY = YES_AGGRESSIVE;
				CLANG_WARN_UNREACHABLE_CODE = YES;
				CLANG_WARN__DUPLICATE_METHOD_MATCH = YES;
				COPY_PHASE_STRIP = NO;
				DEBUG_INFORMATION_FORMAT = dwarf;
				ENABLE_STRICT_OBJC_MSGSEND = YES;
				ENABLE_TESTABILITY = YES;
				GCC_C_LANGUAGE_STANDARD = gnu11;
				GCC_DYNAMIC_NO_PIC = NO;
				GCC_NO_COMMON_BLOCKS = YES;
				GCC_OPTIMIZATION_LEVEL = 0;
				GCC_PREPROCESSOR_DEFINITIONS = (
					"DEBUG=1",
					"$(inherited)",
				);
				GCC_WARN_64_TO_32_BIT_CONVERSION = YES;
				GCC_WARN_ABOUT_RETURN_TYPE = YES_ERROR;
				GCC_WARN_UNDECLARED_SELECTOR = YES;
				GCC_WARN_UNINITIALIZED_AUTOS = YES_AGGRESSIVE;
				GCC_WARN_UNUSED_FUNCTION = YES;
				GCC_WARN_UNUSED_VARIABLE = YES;
				IPHONEOS_DEPLOYMENT_TARGET = 16.0;
				MTL_ENABLE_DEBUG_INFO = INCLUDE_SOURCE;
				MTL_FAST_MATH = YES;
				ONLY_ACTIVE_ARCH = YES;
				SDKROOT = iphoneos;
				SWIFT_ACTIVE_COMPILATION_CONDITIONS = DEBUG;
				SWIFT_OPTIMIZATION_LEVEL = "-Onone";
			};
			name = Debug;
		};
		667C0A2328D472110091A2A2 /* Release */ = {
			isa = XCBuildConfiguration;
			buildSettings = {
				ALWAYS_SEARCH_USER_PATHS = NO;
				CLANG_ANALYZER_NONNULL = YES;
				CLANG_ANALYZER_NUMBER_OBJECT_CONVERSION = YES_AGGRESSIVE;
				CLANG_CXX_LANGUAGE_STANDARD = "gnu++20";
				CLANG_ENABLE_MODULES = YES;
				CLANG_ENABLE_OBJC_ARC = YES;
				CLANG_ENABLE_OBJC_WEAK = YES;
				CLANG_WARN_BLOCK_CAPTURE_AUTORELEASING = YES;
				CLANG_WARN_BOOL_CONVERSION = YES;
				CLANG_WARN_COMMA = YES;
				CLANG_WARN_CONSTANT_CONVERSION = YES;
				CLANG_WARN_DEPRECATED_OBJC_IMPLEMENTATIONS = YES;
				CLANG_WARN_DIRECT_OBJC_ISA_USAGE = YES_ERROR;
				CLANG_WARN_DOCUMENTATION_COMMENTS = YES;
				CLANG_WARN_EMPTY_BODY = YES;
				CLANG_WARN_ENUM_CONVERSION = YES;
				CLANG_WARN_INFINITE_RECURSION = YES;
				CLANG_WARN_INT_CONVERSION = YES;
				CLANG_WARN_NON_LITERAL_NULL_CONVERSION = YES;
				CLANG_WARN_OBJC_IMPLICIT_RETAIN_SELF = YES;
				CLANG_WARN_OBJC_LITERAL_CONVERSION = YES;
				CLANG_WARN_OBJC_ROOT_CLASS = YES_ERROR;
				CLANG_WARN_QUOTED_INCLUDE_IN_FRAMEWORK_HEADER = YES;
				CLANG_WARN_RANGE_LOOP_ANALYSIS = YES;
				CLANG_WARN_STRICT_PROTOTYPES = YES;
				CLANG_WARN_SUSPICIOUS_MOVE = YES;
				CLANG_WARN_UNGUARDED_AVAILABILITY = YES_AGGRESSIVE;
				CLANG_WARN_UNREACHABLE_CODE = YES;
				CLANG_WARN__DUPLICATE_METHOD_MATCH = YES;
				COPY_PHASE_STRIP = NO;
				DEBUG_INFORMATION_FORMAT = "dwarf-with-dsym";
				ENABLE_NS_ASSERTIONS = NO;
				ENABLE_STRICT_OBJC_MSGSEND = YES;
				GCC_C_LANGUAGE_STANDARD = gnu11;
				GCC_NO_COMMON_BLOCKS = YES;
				GCC_WARN_64_TO_32_BIT_CONVERSION = YES;
				GCC_WARN_ABOUT_RETURN_TYPE = YES_ERROR;
				GCC_WARN_UNDECLARED_SELECTOR = YES;
				GCC_WARN_UNINITIALIZED_AUTOS = YES_AGGRESSIVE;
				GCC_WARN_UNUSED_FUNCTION = YES;
				GCC_WARN_UNUSED_VARIABLE = YES;
				IPHONEOS_DEPLOYMENT_TARGET = 16.0;
				MTL_ENABLE_DEBUG_INFO = NO;
				MTL_FAST_MATH = YES;
				SDKROOT = iphoneos;
				SWIFT_COMPILATION_MODE = wholemodule;
				SWIFT_OPTIMIZATION_LEVEL = "-O";
				VALIDATE_PRODUCT = YES;
			};
			name = Release;
		};
		667C0A2528D472110091A2A2 /* Debug */ = {
			isa = XCBuildConfiguration;
			buildSettings = {
				ASSETCATALOG_COMPILER_APPICON_NAME = AppIcon;
				ASSETCATALOG_COMPILER_GLOBAL_ACCENT_COLOR_NAME = AccentColor;
				CODE_SIGN_STYLE = Automatic;
				CURRENT_PROJECT_VERSION = 1;
				DEVELOPMENT_TEAM = HTG9L2LEBP;
				GENERATE_INFOPLIST_FILE = YES;
				INFOPLIST_FILE = LinkingIssue/Info.plist;
				INFOPLIST_KEY_UIApplicationSupportsIndirectInputEvents = YES;
				INFOPLIST_KEY_UILaunchStoryboardName = LaunchScreen;
				INFOPLIST_KEY_UIMainStoryboardFile = Main;
				INFOPLIST_KEY_UISupportedInterfaceOrientations_iPad = "UIInterfaceOrientationPortrait UIInterfaceOrientationPortraitUpsideDown UIInterfaceOrientationLandscapeLeft UIInterfaceOrientationLandscapeRight";
				INFOPLIST_KEY_UISupportedInterfaceOrientations_iPhone = "UIInterfaceOrientationPortrait UIInterfaceOrientationLandscapeLeft UIInterfaceOrientationLandscapeRight";
				IPHONEOS_DEPLOYMENT_TARGET = 13.0;
				LD_RUNPATH_SEARCH_PATHS = (
					"$(inherited)",
					"@executable_path/Frameworks",
				);
				MARKETING_VERSION = 1.0;
				PRODUCT_BUNDLE_IDENTIFIER = com.luni.LinkingIssue;
				PRODUCT_NAME = "$(TARGET_NAME)";
				SWIFT_EMIT_LOC_STRINGS = YES;
				SWIFT_VERSION = 5.0;
				TARGETED_DEVICE_FAMILY = "1,2";
			};
			name = Debug;
		};
		667C0A2628D472110091A2A2 /* Release */ = {
			isa = XCBuildConfiguration;
			buildSettings = {
				ASSETCATALOG_COMPILER_APPICON_NAME = AppIcon;
				ASSETCATALOG_COMPILER_GLOBAL_ACCENT_COLOR_NAME = AccentColor;
				CODE_SIGN_STYLE = Automatic;
				CURRENT_PROJECT_VERSION = 1;
				DEVELOPMENT_TEAM = HTG9L2LEBP;
				GENERATE_INFOPLIST_FILE = YES;
				INFOPLIST_FILE = LinkingIssue/Info.plist;
				INFOPLIST_KEY_UIApplicationSupportsIndirectInputEvents = YES;
				INFOPLIST_KEY_UILaunchStoryboardName = LaunchScreen;
				INFOPLIST_KEY_UIMainStoryboardFile = Main;
				INFOPLIST_KEY_UISupportedInterfaceOrientations_iPad = "UIInterfaceOrientationPortrait UIInterfaceOrientationPortraitUpsideDown UIInterfaceOrientationLandscapeLeft UIInterfaceOrientationLandscapeRight";
				INFOPLIST_KEY_UISupportedInterfaceOrientations_iPhone = "UIInterfaceOrientationPortrait UIInterfaceOrientationLandscapeLeft UIInterfaceOrientationLandscapeRight";
				IPHONEOS_DEPLOYMENT_TARGET = 13.0;
				LD_RUNPATH_SEARCH_PATHS = (
					"$(inherited)",
					"@executable_path/Frameworks",
				);
				MARKETING_VERSION = 1.0;
				PRODUCT_BUNDLE_IDENTIFIER = com.luni.LinkingIssue;
				PRODUCT_NAME = "$(TARGET_NAME)";
				SWIFT_EMIT_LOC_STRINGS = YES;
				SWIFT_VERSION = 5.0;
				TARGETED_DEVICE_FAMILY = "1,2";
			};
			name = Release;
		};
/* End XCBuildConfiguration section */

/* Begin XCConfigurationList section */
		667C0A0B28D4720F0091A2A2 /* Build configuration list for PBXProject "LinkingIssue" */ = {
			isa = XCConfigurationList;
			buildConfigurations = (
				667C0A2228D472110091A2A2 /* Debug */,
				667C0A2328D472110091A2A2 /* Release */,
			);
			defaultConfigurationIsVisible = 0;
			defaultConfigurationName = Release;
		};
		667C0A2428D472110091A2A2 /* Build configuration list for PBXNativeTarget "LinkingIssue" */ = {
			isa = XCConfigurationList;
			buildConfigurations = (
				667C0A2528D472110091A2A2 /* Debug */,
				667C0A2628D472110091A2A2 /* Release */,
			);
			defaultConfigurationIsVisible = 0;
			defaultConfigurationName = Release;
		};
/* End XCConfigurationList section */

/* Begin XCSwiftPackageProductDependency section */
		667C0A2928D472E70091A2A2 /* MyPackage */ = {
			isa = XCSwiftPackageProductDependency;
			productName = MyPackage;
		};
/* End XCSwiftPackageProductDependency section */
	};
	rootObject = 667C0A0828D4720F0091A2A2 /* Project object */;
}
